// !$*UTF8*$!
{
	archiveVersion = 1;
	classes = {
	};
	objectVersion = 55;
	objects = {

/* Begin PBXBuildFile section */
		DE1DC64A27D77F20005FC3AF /* CafeApp.swift in Sources */ = {isa = PBXBuildFile; fileRef = DE1DC64927D77F20005FC3AF /* CafeApp.swift */; };
		DE1DC64C27D77F20005FC3AF /* MainTabView.swift in Sources */ = {isa = PBXBuildFile; fileRef = DE1DC64B27D77F20005FC3AF /* MainTabView.swift */; };
		DE1DC64E27D77F21005FC3AF /* Assets.xcassets in Resources */ = {isa = PBXBuildFile; fileRef = DE1DC64D27D77F21005FC3AF /* Assets.xcassets */; };
		DE1DC65127D77F21005FC3AF /* Preview Assets.xcassets in Resources */ = {isa = PBXBuildFile; fileRef = DE1DC65027D77F21005FC3AF /* Preview Assets.xcassets */; };
		DE1DC65827D78220005FC3AF /* Tab.swift in Sources */ = {isa = PBXBuildFile; fileRef = DE1DC65727D78220005FC3AF /* Tab.swift */; };
		DE1DC65C27D79695005FC3AF /* MenuSuggestionSectionView.swift in Sources */ = {isa = PBXBuildFile; fileRef = DE1DC65B27D79695005FC3AF /* MenuSuggestionSectionView.swift */; };
		DE1DC65E27D7970B005FC3AF /* CoffeeMenu.swift in Sources */ = {isa = PBXBuildFile; fileRef = DE1DC65D27D7970B005FC3AF /* CoffeeMenu.swift */; };
		DE1DC66027D79B0B005FC3AF /* EventsSectionView.swift in Sources */ = {isa = PBXBuildFile; fileRef = DE1DC65F27D79B0B005FC3AF /* EventsSectionView.swift */; };
		DE1DC66227D79B3A005FC3AF /* Event.swift in Sources */ = {isa = PBXBuildFile; fileRef = DE1DC66127D79B3A005FC3AF /* Event.swift */; };
		DE1DC66427D79EDB005FC3AF /* HomeHeaderView.swift in Sources */ = {isa = PBXBuildFile; fileRef = DE1DC66327D79EDB005FC3AF /* HomeHeaderView.swift */; };
		DE1DC66627D79FC4005FC3AF /* HomeView.swift in Sources */ = {isa = PBXBuildFile; fileRef = DE1DC66527D79FC4005FC3AF /* HomeView.swift */; };
		DE6BB73D27D7A34900907C79 /* User.swift in Sources */ = {isa = PBXBuildFile; fileRef = DE6BB73C27D7A34900907C79 /* User.swift */; };
		DEEEB7AF27D8D54200E6D8F2 /* OtherView.swift in Sources */ = {isa = PBXBuildFile; fileRef = DEEEB7AE27D8D54200E6D8F2 /* OtherView.swift */; };
		DEEEB7B227D8D72000E6D8F2 /* SettingMenu.swift in Sources */ = {isa = PBXBuildFile; fileRef = DEEEB7B127D8D72000E6D8F2 /* SettingMenu.swift */; };
		DEEEB7B427D8DBE100E6D8F2 /* SettingView.swift in Sources */ = {isa = PBXBuildFile; fileRef = DEEEB7B327D8DBE100E6D8F2 /* SettingView.swift */; };
		DEEEB7B627D8E0C800E6D8F2 /* HomeViewModel.swift in Sources */ = {isa = PBXBuildFile; fileRef = DEEEB7B527D8E0C800E6D8F2 /* HomeViewModel.swift */; };
/* End PBXBuildFile section */

/* Begin PBXFileReference section */
		DE1DC64627D77F20005FC3AF /* Cafe.app */ = {isa = PBXFileReference; explicitFileType = wrapper.application; includeInIndex = 0; path = Cafe.app; sourceTree = BUILT_PRODUCTS_DIR; };
		DE1DC64927D77F20005FC3AF /* CafeApp.swift */ = {isa = PBXFileReference; lastKnownFileType = sourcecode.swift; path = CafeApp.swift; sourceTree = "<group>"; };
		DE1DC64B27D77F20005FC3AF /* MainTabView.swift */ = {isa = PBXFileReference; lastKnownFileType = sourcecode.swift; path = MainTabView.swift; sourceTree = "<group>"; };
		DE1DC64D27D77F21005FC3AF /* Assets.xcassets */ = {isa = PBXFileReference; lastKnownFileType = folder.assetcatalog; path = Assets.xcassets; sourceTree = "<group>"; };
		DE1DC65027D77F21005FC3AF /* Preview Assets.xcassets */ = {isa = PBXFileReference; lastKnownFileType = folder.assetcatalog; path = "Preview Assets.xcassets"; sourceTree = "<group>"; };
		DE1DC65727D78220005FC3AF /* Tab.swift */ = {isa = PBXFileReference; lastKnownFileType = sourcecode.swift; path = Tab.swift; sourceTree = "<group>"; };
		DE1DC65B27D79695005FC3AF /* MenuSuggestionSectionView.swift */ = {isa = PBXFileReference; lastKnownFileType = sourcecode.swift; path = MenuSuggestionSectionView.swift; sourceTree = "<group>"; };
		DE1DC65D27D7970B005FC3AF /* CoffeeMenu.swift */ = {isa = PBXFileReference; lastKnownFileType = sourcecode.swift; path = CoffeeMenu.swift; sourceTree = "<group>"; };
		DE1DC65F27D79B0B005FC3AF /* EventsSectionView.swift */ = {isa = PBXFileReference; lastKnownFileType = sourcecode.swift; path = EventsSectionView.swift; sourceTree = "<group>"; };
		DE1DC66127D79B3A005FC3AF /* Event.swift */ = {isa = PBXFileReference; lastKnownFileType = sourcecode.swift; path = Event.swift; sourceTree = "<group>"; };
		DE1DC66327D79EDB005FC3AF /* HomeHeaderView.swift */ = {isa = PBXFileReference; lastKnownFileType = sourcecode.swift; path = HomeHeaderView.swift; sourceTree = "<group>"; };
		DE1DC66527D79FC4005FC3AF /* HomeView.swift */ = {isa = PBXFileReference; lastKnownFileType = sourcecode.swift; path = HomeView.swift; sourceTree = "<group>"; };
		DE6BB73C27D7A34900907C79 /* User.swift */ = {isa = PBXFileReference; lastKnownFileType = sourcecode.swift; path = User.swift; sourceTree = "<group>"; };
		DEEEB7AE27D8D54200E6D8F2 /* OtherView.swift */ = {isa = PBXFileReference; lastKnownFileType = sourcecode.swift; path = OtherView.swift; sourceTree = "<group>"; };
		DEEEB7B127D8D72000E6D8F2 /* SettingMenu.swift */ = {isa = PBXFileReference; lastKnownFileType = sourcecode.swift; path = SettingMenu.swift; sourceTree = "<group>"; };
		DEEEB7B327D8DBE100E6D8F2 /* SettingView.swift */ = {isa = PBXFileReference; lastKnownFileType = sourcecode.swift; path = SettingView.swift; sourceTree = "<group>"; };
		DEEEB7B527D8E0C800E6D8F2 /* HomeViewModel.swift */ = {isa = PBXFileReference; lastKnownFileType = sourcecode.swift; path = HomeViewModel.swift; sourceTree = "<group>"; };
/* End PBXFileReference section */

/* Begin PBXFrameworksBuildPhase section */
		DE1DC64327D77F20005FC3AF /* Frameworks */ = {
			isa = PBXFrameworksBuildPhase;
			buildActionMask = 2147483647;
			files = (
			);
			runOnlyForDeploymentPostprocessing = 0;
		};
/* End PBXFrameworksBuildPhase section */

/* Begin PBXGroup section */
		DE1DC63D27D77F20005FC3AF = {
			isa = PBXGroup;
			children = (
				DE1DC64827D77F20005FC3AF /* Cafe */,
				DE1DC64727D77F20005FC3AF /* Products */,
			);
			sourceTree = "<group>";
		};
		DE1DC64727D77F20005FC3AF /* Products */ = {
			isa = PBXGroup;
			children = (
				DE1DC64627D77F20005FC3AF /* Cafe.app */,
			);
			name = Products;
			sourceTree = "<group>";
		};
		DE1DC64827D77F20005FC3AF /* Cafe */ = {
			isa = PBXGroup;
			children = (
				DE1DC64927D77F20005FC3AF /* CafeApp.swift */,
				DE1DC65D27D7970B005FC3AF /* CoffeeMenu.swift */,
				DE1DC66127D79B3A005FC3AF /* Event.swift */,
				DE6BB73C27D7A34900907C79 /* User.swift */,
				DE1DC65A27D79676005FC3AF /* Scenes */,
				DE1DC64D27D77F21005FC3AF /* Assets.xcassets */,
				DE1DC64F27D77F21005FC3AF /* Preview Content */,
			);
			path = Cafe;
			sourceTree = "<group>";
		};
		DE1DC64F27D77F21005FC3AF /* Preview Content */ = {
			isa = PBXGroup;
			children = (
				DE1DC65027D77F21005FC3AF /* Preview Assets.xcassets */,
			);
			path = "Preview Content";
			sourceTree = "<group>";
		};
		DE1DC65927D7966D005FC3AF /* Tab */ = {
			isa = PBXGroup;
			children = (
				DE1DC64B27D77F20005FC3AF /* MainTabView.swift */,
				DE1DC65727D78220005FC3AF /* Tab.swift */,
			);
			path = Tab;
			sourceTree = "<group>";
		};
		DE1DC65A27D79676005FC3AF /* Scenes */ = {
			isa = PBXGroup;
			children = (
				DE1DC65927D7966D005FC3AF /* Tab */,
				DE6BB73B27D7A03100907C79 /* Home */,
				DEEEB7B027D8D6B100E6D8F2 /* Other */,
			);
			path = Scenes;
			sourceTree = "<group>";
		};
		DE6BB73B27D7A03100907C79 /* Home */ = {
			isa = PBXGroup;
			children = (
				DE1DC66527D79FC4005FC3AF /* HomeView.swift */,
				DE1DC66327D79EDB005FC3AF /* HomeHeaderView.swift */,
				DE1DC65B27D79695005FC3AF /* MenuSuggestionSectionView.swift */,
				DE1DC65F27D79B0B005FC3AF /* EventsSectionView.swift */,
				DEEEB7B527D8E0C800E6D8F2 /* HomeViewModel.swift */,
			);
			path = Home;
			sourceTree = "<group>";
		};
		DEEEB7B027D8D6B100E6D8F2 /* Other */ = {
			isa = PBXGroup;
			children = (
				DEEEB7AE27D8D54200E6D8F2 /* OtherView.swift */,
				DEEEB7B327D8DBE100E6D8F2 /* SettingView.swift */,
				DEEEB7B127D8D72000E6D8F2 /* SettingMenu.swift */,
			);
			path = Other;
			sourceTree = "<group>";
		};
/* End PBXGroup section */

/* Begin PBXNativeTarget section */
		DE1DC64527D77F20005FC3AF /* Cafe */ = {
			isa = PBXNativeTarget;
			buildConfigurationList = DE1DC65427D77F21005FC3AF /* Build configuration list for PBXNativeTarget "Cafe" */;
			buildPhases = (
				DE1DC64227D77F20005FC3AF /* Sources */,
				DE1DC64327D77F20005FC3AF /* Frameworks */,
				DE1DC64427D77F20005FC3AF /* Resources */,
			);
			buildRules = (
			);
			dependencies = (
			);
			name = Cafe;
			productName = Cafe;
			productReference = DE1DC64627D77F20005FC3AF /* Cafe.app */;
			productType = "com.apple.product-type.application";
		};
/* End PBXNativeTarget section */

/* Begin PBXProject section */
		DE1DC63E27D77F20005FC3AF /* Project object */ = {
			isa = PBXProject;
			attributes = {
				BuildIndependentTargetsInParallel = 1;
				LastSwiftUpdateCheck = 1320;
				LastUpgradeCheck = 1320;
				TargetAttributes = {
					DE1DC64527D77F20005FC3AF = {
						CreatedOnToolsVersion = 13.2.1;
					};
				};
			};
			buildConfigurationList = DE1DC64127D77F20005FC3AF /* Build configuration list for PBXProject "Cafe" */;
			compatibilityVersion = "Xcode 13.0";
			developmentRegion = en;
			hasScannedForEncodings = 0;
			knownRegions = (
				en,
				Base,
			);
			mainGroup = DE1DC63D27D77F20005FC3AF;
			productRefGroup = DE1DC64727D77F20005FC3AF /* Products */;
			projectDirPath = "";
			projectRoot = "";
			targets = (
				DE1DC64527D77F20005FC3AF /* Cafe */,
			);
		};
/* End PBXProject section */

/* Begin PBXResourcesBuildPhase section */
		DE1DC64427D77F20005FC3AF /* Resources */ = {
			isa = PBXResourcesBuildPhase;
			buildActionMask = 2147483647;
			files = (
				DE1DC65127D77F21005FC3AF /* Preview Assets.xcassets in Resources */,
				DE1DC64E27D77F21005FC3AF /* Assets.xcassets in Resources */,
			);
			runOnlyForDeploymentPostprocessing = 0;
		};
/* End PBXResourcesBuildPhase section */

/* Begin PBXSourcesBuildPhase section */
		DE1DC64227D77F20005FC3AF /* Sources */ = {
			isa = PBXSourcesBuildPhase;
			buildActionMask = 2147483647;
			files = (
				DE1DC66627D79FC4005FC3AF /* HomeView.swift in Sources */,
				DE1DC65827D78220005FC3AF /* Tab.swift in Sources */,
				DE1DC64C27D77F20005FC3AF /* MainTabView.swift in Sources */,
				DE1DC65E27D7970B005FC3AF /* CoffeeMenu.swift in Sources */,
				DE1DC66027D79B0B005FC3AF /* EventsSectionView.swift in Sources */,
				DEEEB7AF27D8D54200E6D8F2 /* OtherView.swift in Sources */,
				DE1DC64A27D77F20005FC3AF /* CafeApp.swift in Sources */,
				DE1DC66227D79B3A005FC3AF /* Event.swift in Sources */,
				DEEEB7B427D8DBE100E6D8F2 /* SettingView.swift in Sources */,
				DEEEB7B627D8E0C800E6D8F2 /* HomeViewModel.swift in Sources */,
				DE1DC65C27D79695005FC3AF /* MenuSuggestionSectionView.swift in Sources */,
				DE6BB73D27D7A34900907C79 /* User.swift in Sources */,
				DE1DC66427D79EDB005FC3AF /* HomeHeaderView.swift in Sources */,
				DEEEB7B227D8D72000E6D8F2 /* SettingMenu.swift in Sources */,
			);
			runOnlyForDeploymentPostprocessing = 0;
		};
/* End PBXSourcesBuildPhase section */

/* Begin XCBuildConfiguration section */
		DE1DC65227D77F21005FC3AF /* Debug */ = {
			isa = XCBuildConfiguration;
			buildSettings = {
				ALWAYS_SEARCH_USER_PATHS = NO;
				CLANG_ANALYZER_NONNULL = YES;
				CLANG_ANALYZER_NUMBER_OBJECT_CONVERSION = YES_AGGRESSIVE;
				CLANG_CXX_LANGUAGE_STANDARD = "gnu++17";
				CLANG_CXX_LIBRARY = "libc++";
				CLANG_ENABLE_MODULES = YES;
				CLANG_ENABLE_OBJC_ARC = YES;
				CLANG_ENABLE_OBJC_WEAK = YES;
				CLANG_WARN_BLOCK_CAPTURE_AUTORELEASING = YES;
				CLANG_WARN_BOOL_CONVERSION = YES;
				CLANG_WARN_COMMA = YES;
				CLANG_WARN_CONSTANT_CONVERSION = YES;
				CLANG_WARN_DEPRECATED_OBJC_IMPLEMENTATIONS = YES;
				CLANG_WARN_DIRECT_OBJC_ISA_USAGE = YES_ERROR;
				CLANG_WARN_DOCUMENTATION_COMMENTS = YES;
				CLANG_WARN_EMPTY_BODY = YES;
				CLANG_WARN_ENUM_CONVERSION = YES;
				CLANG_WARN_INFINITE_RECURSION = YES;
				CLANG_WARN_INT_CONVERSION = YES;
				CLANG_WARN_NON_LITERAL_NULL_CONVERSION = YES;
				CLANG_WARN_OBJC_IMPLICIT_RETAIN_SELF = YES;
				CLANG_WARN_OBJC_LITERAL_CONVERSION = YES;
				CLANG_WARN_OBJC_ROOT_CLASS = YES_ERROR;
				CLANG_WARN_QUOTED_INCLUDE_IN_FRAMEWORK_HEADER = YES;
				CLANG_WARN_RANGE_LOOP_ANALYSIS = YES;
				CLANG_WARN_STRICT_PROTOTYPES = YES;
				CLANG_WARN_SUSPICIOUS_MOVE = YES;
				CLANG_WARN_UNGUARDED_AVAILABILITY = YES_AGGRESSIVE;
				CLANG_WARN_UNREACHABLE_CODE = YES;
				CLANG_WARN__DUPLICATE_METHOD_MATCH = YES;
				COPY_PHASE_STRIP = NO;
				DEBUG_INFORMATION_FORMAT = dwarf;
				ENABLE_STRICT_OBJC_MSGSEND = YES;
				ENABLE_TESTABILITY = YES;
				GCC_C_LANGUAGE_STANDARD = gnu11;
				GCC_DYNAMIC_NO_PIC = NO;
				GCC_NO_COMMON_BLOCKS = YES;
				GCC_OPTIMIZATION_LEVEL = 0;
				GCC_PREPROCESSOR_DEFINITIONS = (
					"DEBUG=1",
					"$(inherited)",
				);
				GCC_WARN_64_TO_32_BIT_CONVERSION = YES;
				GCC_WARN_ABOUT_RETURN_TYPE = YES_ERROR;
				GCC_WARN_UNDECLARED_SELECTOR = YES;
				GCC_WARN_UNINITIALIZED_AUTOS = YES_AGGRESSIVE;
				GCC_WARN_UNUSED_FUNCTION = YES;
				GCC_WARN_UNUSED_VARIABLE = YES;
				IPHONEOS_DEPLOYMENT_TARGET = 15.2;
				MTL_ENABLE_DEBUG_INFO = INCLUDE_SOURCE;
				MTL_FAST_MATH = YES;
				ONLY_ACTIVE_ARCH = YES;
				SDKROOT = iphoneos;
				SWIFT_ACTIVE_COMPILATION_CONDITIONS = DEBUG;
				SWIFT_OPTIMIZATION_LEVEL = "-Onone";
			};
			name = Debug;
		};
		DE1DC65327D77F21005FC3AF /* Release */ = {
			isa = XCBuildConfiguration;
			buildSettings = {
				ALWAYS_SEARCH_USER_PATHS = NO;
				CLANG_ANALYZER_NONNULL = YES;
				CLANG_ANALYZER_NUMBER_OBJECT_CONVERSION = YES_AGGRESSIVE;
				CLANG_CXX_LANGUAGE_STANDARD = "gnu++17";
				CLANG_CXX_LIBRARY = "libc++";
				CLANG_ENABLE_MODULES = YES;
				CLANG_ENABLE_OBJC_ARC = YES;
				CLANG_ENABLE_OBJC_WEAK = YES;
				CLANG_WARN_BLOCK_CAPTURE_AUTORELEASING = YES;
				CLANG_WARN_BOOL_CONVERSION = YES;
				CLANG_WARN_COMMA = YES;
				CLANG_WARN_CONSTANT_CONVERSION = YES;
				CLANG_WARN_DEPRECATED_OBJC_IMPLEMENTATIONS = YES;
				CLANG_WARN_DIRECT_OBJC_ISA_USAGE = YES_ERROR;
				CLANG_WARN_DOCUMENTATION_COMMENTS = YES;
				CLANG_WARN_EMPTY_BODY = YES;
				CLANG_WARN_ENUM_CONVERSION = YES;
				CLANG_WARN_INFINITE_RECURSION = YES;
				CLANG_WARN_INT_CONVERSION = YES;
				CLANG_WARN_NON_LITERAL_NULL_CONVERSION = YES;
				CLANG_WARN_OBJC_IMPLICIT_RETAIN_SELF = YES;
				CLANG_WARN_OBJC_LITERAL_CONVERSION = YES;
				CLANG_WARN_OBJC_ROOT_CLASS = YES_ERROR;
				CLANG_WARN_QUOTED_INCLUDE_IN_FRAMEWORK_HEADER = YES;
				CLANG_WARN_RANGE_LOOP_ANALYSIS = YES;
				CLANG_WARN_STRICT_PROTOTYPES = YES;
				CLANG_WARN_SUSPICIOUS_MOVE = YES;
				CLANG_WARN_UNGUARDED_AVAILABILITY = YES_AGGRESSIVE;
				CLANG_WARN_UNREACHABLE_CODE = YES;
				CLANG_WARN__DUPLICATE_METHOD_MATCH = YES;
				COPY_PHASE_STRIP = NO;
				DEBUG_INFORMATION_FORMAT = "dwarf-with-dsym";
				ENABLE_NS_ASSERTIONS = NO;
				ENABLE_STRICT_OBJC_MSGSEND = YES;
				GCC_C_LANGUAGE_STANDARD = gnu11;
				GCC_NO_COMMON_BLOCKS = YES;
				GCC_WARN_64_TO_32_BIT_CONVERSION = YES;
				GCC_WARN_ABOUT_RETURN_TYPE = YES_ERROR;
				GCC_WARN_UNDECLARED_SELECTOR = YES;
				GCC_WARN_UNINITIALIZED_AUTOS = YES_AGGRESSIVE;
				GCC_WARN_UNUSED_FUNCTION = YES;
				GCC_WARN_UNUSED_VARIABLE = YES;
				IPHONEOS_DEPLOYMENT_TARGET = 15.2;
				MTL_ENABLE_DEBUG_INFO = NO;
				MTL_FAST_MATH = YES;
				SDKROOT = iphoneos;
				SWIFT_COMPILATION_MODE = wholemodule;
				SWIFT_OPTIMIZATION_LEVEL = "-O";
				VALIDATE_PRODUCT = YES;
			};
			name = Release;
		};
		DE1DC65527D77F21005FC3AF /* Debug */ = {
			isa = XCBuildConfiguration;
			buildSettings = {
				ASSETCATALOG_COMPILER_APPICON_NAME = AppIcon;
				ASSETCATALOG_COMPILER_GLOBAL_ACCENT_COLOR_NAME = AccentColor;
				CODE_SIGN_STYLE = Automatic;
				CURRENT_PROJECT_VERSION = 1;
				DEVELOPMENT_ASSET_PATHS = "\"Cafe/Preview Content\"";
				DEVELOPMENT_TEAM = J74H985T9L;
				ENABLE_PREVIEWS = YES;
				GENERATE_INFOPLIST_FILE = YES;
				INFOPLIST_KEY_UIApplicationSceneManifest_Generation = YES;
				INFOPLIST_KEY_UIApplicationSupportsIndirectInputEvents = YES;
				INFOPLIST_KEY_UILaunchScreen_Generation = YES;
				INFOPLIST_KEY_UISupportedInterfaceOrientations_iPad = "UIInterfaceOrientationPortrait UIInterfaceOrientationPortraitUpsideDown UIInterfaceOrientationLandscapeLeft UIInterfaceOrientationLandscapeRight";
				INFOPLIST_KEY_UISupportedInterfaceOrientations_iPhone = "UIInterfaceOrientationPortrait UIInterfaceOrientationLandscapeLeft UIInterfaceOrientationLandscapeRight";
				LD_RUNPATH_SEARCH_PATHS = (
					"$(inherited)",
					"@executable_path/Frameworks",
				);
				MARKETING_VERSION = 1.0;
				PRODUCT_BUNDLE_IDENTIFIER = com.terry.Cafe;
				PRODUCT_NAME = "$(TARGET_NAME)";
				SWIFT_EMIT_LOC_STRINGS = YES;
				SWIFT_VERSION = 5.0;
				TARGETED_DEVICE_FAMILY = "1,2";
			};
			name = Debug;
		};
		DE1DC65627D77F21005FC3AF /* Release */ = {
			isa = XCBuildConfiguration;
			buildSettings = {
				ASSETCATALOG_COMPILER_APPICON_NAME = AppIcon;
				ASSETCATALOG_COMPILER_GLOBAL_ACCENT_COLOR_NAME = AccentColor;
				CODE_SIGN_STYLE = Automatic;
				CURRENT_PROJECT_VERSION = 1;
				DEVELOPMENT_ASSET_PATHS = "\"Cafe/Preview Content\"";
				DEVELOPMENT_TEAM = J74H985T9L;
				ENABLE_PREVIEWS = YES;
				GENERATE_INFOPLIST_FILE = YES;
				INFOPLIST_KEY_UIApplicationSceneManifest_Generation = YES;
				INFOPLIST_KEY_UIApplicationSupportsIndirectInputEvents = YES;
				INFOPLIST_KEY_UILaunchScreen_Generation = YES;
				INFOPLIST_KEY_UISupportedInterfaceOrientations_iPad = "UIInterfaceOrientationPortrait UIInterfaceOrientationPortraitUpsideDown UIInterfaceOrientationLandscapeLeft UIInterfaceOrientationLandscapeRight";
				INFOPLIST_KEY_UISupportedInterfaceOrientations_iPhone = "UIInterfaceOrientationPortrait UIInterfaceOrientationLandscapeLeft UIInterfaceOrientationLandscapeRight";
				LD_RUNPATH_SEARCH_PATHS = (
					"$(inherited)",
					"@executable_path/Frameworks",
				);
				MARKETING_VERSION = 1.0;
				PRODUCT_BUNDLE_IDENTIFIER = com.terry.Cafe;
				PRODUCT_NAME = "$(TARGET_NAME)";
				SWIFT_EMIT_LOC_STRINGS = YES;
				SWIFT_VERSION = 5.0;
				TARGETED_DEVICE_FAMILY = "1,2";
			};
			name = Release;
		};
/* End XCBuildConfiguration section */

/* Begin XCConfigurationList section */
		DE1DC64127D77F20005FC3AF /* Build configuration list for PBXProject "Cafe" */ = {
			isa = XCConfigurationList;
			buildConfigurations = (
				DE1DC65227D77F21005FC3AF /* Debug */,
				DE1DC65327D77F21005FC3AF /* Release */,
			);
			defaultConfigurationIsVisible = 0;
			defaultConfigurationName = Release;
		};
		DE1DC65427D77F21005FC3AF /* Build configuration list for PBXNativeTarget "Cafe" */ = {
			isa = XCConfigurationList;
			buildConfigurations = (
				DE1DC65527D77F21005FC3AF /* Debug */,
				DE1DC65627D77F21005FC3AF /* Release */,
			);
			defaultConfigurationIsVisible = 0;
			defaultConfigurationName = Release;
		};
/* End XCConfigurationList section */
	};
	rootObject = DE1DC63E27D77F20005FC3AF /* Project object */;
}
